PODS:
  - Alamofire (4.7.2)
  - ModelMapper (7.0.0)
  - Moya (11.0.2):
    - Moya/Core (= 11.0.2)
  - Moya-ModelMapper/Core (7.1.0):
    - ModelMapper
    - Moya (~> 11.0)
  - Moya-ModelMapper/RxSwift (7.1.0):
    - Moya-ModelMapper/Core
    - Moya/RxSwift (~> 11.0)
    - RxSwift
  - Moya/Core (11.0.2):
    - Alamofire (~> 4.1)
    - Result (~> 3.0)
  - Moya/RxSwift (11.0.2):
    - Moya/Core
    - RxSwift (~> 4.0)
  - ReactorKit (1.1.0):
    - RxSwift (>= 4.0.0)
  - Result (3.2.4)
  - RxCocoa (4.1.2):
    - RxSwift (~> 4.0)
  - RxOptional (3.4.0):
    - RxCocoa (~> 4.0)
    - RxSwift (~> 4.0)
  - RxSwift (4.1.2)
  - SDWebImage (4.3.3):
    - SDWebImage/Core (= 4.3.3)
  - SDWebImage/Core (4.3.3)
  - ViewModelBindable (1.0.1):
    - RxSwift (>= 4.0.0)

DEPENDENCIES:
  - ModelMapper (~> 7.0.0)
  - Moya-ModelMapper/RxSwift (= 7.1.0)
  - Moya/RxSwift (~> 11.0)
  - ReactorKit
  - RxCocoa (~> 4.0)
  - RxOptional
  - RxSwift (~> 4.0)
  - SDWebImage (~> 4.0)
  - ViewModelBindable

SPEC REPOS:
  https://github.com/CocoaPods/Specs.git:
    - Alamofire
    - ModelMapper
    - Moya
    - Moya-ModelMapper
    - ReactorKit
    - Result
    - RxCocoa
    - RxOptional
    - RxSwift
    - SDWebImage
    - ViewModelBindable

SPEC CHECKSUMS:
  Alamofire: e4fa87002c137ba2d8d634d2c51fabcda0d5c223
  ModelMapper: 73a3e79c9f02af80190115acc15aa8dcd199e9d0
  Moya: a725035953bc1c0eb1be505ab903984501d82440
  Moya-ModelMapper: 35209257d9e886cedf91289559a41723f5fbd095
  ReactorKit: 26470a9eff5094fae909a30af0be7cd0cf8a182d
  Result: d2d07204ce72856f1fd9130bbe42c35a7b0fea10
  RxCocoa: d88ba0f1f6abf040011a9eb4b539324fc426843a
  RxOptional: fabc37fc8e3cf4c336ebaeb5c92b576c64b2e6c5
  RxSwift: e49536837d9901277638493ea537394d4b55f570
  SDWebImage: de4d90b5bff3571eae7bd16202b1f43135409fa5
  ViewModelBindable: 9ea704fbc9a85f889f5d94b1237920dd4541fdef

PODFILE CHECKSUM: 696a3e055b1988cd17b21707ec939d35b809a435

COCOAPODS: 1.5.0
